
Microsoft Visual Studio Solution File, Format Version 12.00
# Visual Studio 2013
VisualStudioVersion = 12.0.30723.0
MinimumVisualStudioVersion = 10.0.40219.1
Project("{FAE04EC0-301F-11D3-BF4B-00C04F79EFBC}") = "MenuSoft", "MenuSoft\MenuSoft.csproj", "{CA3557DF-937B-4795-9440-B56E5AE9F743}"
EndProject
Global
	GlobalSection(SolutionConfigurationPlatforms) = preSolution
		Debug|x86 = Debug|x86
		Release|x86 = Release|x86
	EndGlobalSection
	GlobalSection(ProjectConfigurationPlatforms) = postSolution
		{CA3557DF-937B-4795-9440-B56E5AE9F743}.Debug|x86.ActiveCfg = Debug|x86
		{CA3557DF-937B-4795-9440-B56E5AE9F743}.Debug|x86.Build.0 = Debug|x86
		{CA3557DF-937B-4795-9440-B56E5AE9F743}.Release|x86.ActiveCfg = Release|x86
		{CA3557DF-937B-4795-9440-B56E5AE9F743}.Release|x86.Build.0 = Release|x86
	EndGlobalSection
	GlobalSection(SolutionProperties) = preSolution
		HideSolutionNode = FALSE
	EndGlobalSection
EndGlobal
